{
  "nodes": {
    "flake-parts": {
      "inputs": {
        "nixpkgs-lib": [
          "nix-direnv",
          "nixpkgs"
        ]
      },
      "locked": {
        "lastModified": 1725234343,
        "narHash": "sha256-+ebgonl3NbiKD2UD0x4BszCZQ6sTfL4xioaM49o5B3Y=",
        "owner": "hercules-ci",
        "repo": "flake-parts",
        "rev": "567b938d64d4b4112ee253b9274472dc3a346eb6",
        "type": "github"
      },
      "original": {
        "owner": "hercules-ci",
        "repo": "flake-parts",
        "type": "github"
      }
    },
    "home-manager": {
      "inputs": {
        "nixpkgs": [
          "nixpkgs"
        ]
      },
      "locked": {
        "lastModified": 1744223888,
        "narHash": "sha256-reYpe0J1J+wH34JFs7KKp0G5nP7+XSQ5z0ZLFJcfJr8=",
        "owner": "nix-community",
        "repo": "home-manager",
        "rev": "79461936709b12e17adb9c91dd02d1c66d577f09",
        "type": "github"
      },
      "original": {
        "owner": "nix-community",
        "repo": "home-manager",
        "type": "github"
      }
    },
    "nix-darwin": {
      "inputs": {
        "nixpkgs": [
          "nixpkgs"
        ]
      },
      "locked": {
        "lastModified": 1743496612,
        "narHash": "sha256-emPWa5lmKbnyuj8c1mSJUkzJNT+iJoU9GMcXwjp2oVM=",
        "owner": "nix-darwin",
        "repo": "nix-darwin",
        "rev": "73d59580d01e9b9f957ba749f336a272869c42dd",
        "type": "github"
      },
      "original": {
        "owner": "nix-darwin",
        "repo": "nix-darwin",
        "type": "github"
      }
    },
    "nix-direnv": {
      "inputs": {
        "flake-parts": "flake-parts",
        "nixpkgs": [
          "nixpkgs"
        ],
        "treefmt-nix": "treefmt-nix"
      },
      "locked": {
        "lastModified": 1742186154,
        "narHash": "sha256-KXoeTXrilpJ+nCjutA1s0fK7Pxe174NptwMXSRb1lBc=",
        "owner": "nix-community",
        "repo": "nix-direnv",
        "rev": "69a5b2175e278115e1dd6354e5db42c1f6319dec",
        "type": "github"
      },
      "original": {
        "owner": "nix-community",
        "repo": "nix-direnv",
        "type": "github"
      }
    },
    "nixpkgs": {
      "locked": {
        "lastModified": 1744032190,
        "narHash": "sha256-KSlfrncSkcu1YE+uuJ/PTURsSlThoGkRqiGDVdbiE/k=",
        "owner": "NixOS",
        "repo": "nixpkgs",
        "rev": "b0b4b5f8f621bfe213b8b21694bab52ecfcbf30b",
        "type": "github"
      },
      "original": {
        "owner": "NixOS",
        "ref": "nixpkgs-unstable",
        "repo": "nixpkgs",
        "type": "github"
      }
    },
    "root": {
      "inputs": {
        "home-manager": "home-manager",
        "nix-darwin": "nix-darwin",
        "nix-direnv": "nix-direnv",
        "nixpkgs": "nixpkgs"
      }
    },
    "treefmt-nix": {
      "inputs": {
        "nixpkgs": [
          "nix-direnv",
          "nixpkgs"
        ]
      },
      "locked": {
        "lastModified": 1724833132,
        "narHash": "sha256-F4djBvyNRAXGusJiNYInqR6zIMI3rvlp6WiKwsRISos=",
        "owner": "numtide",
        "repo": "treefmt-nix",
        "rev": "3ffd842a5f50f435d3e603312eefa4790db46af5",
        "type": "github"
      },
      "original": {
        "owner": "numtide",
        "repo": "treefmt-nix",
        "type": "github"
      }
    }
  },
  "root": "root",
  "version": 7
}
